# THIS IS AN AUTOGENERATED FILE. DO NOT EDIT THIS FILE DIRECTLY.
# yarn lockfile v1


"@prisma/client@5.8.1":
  version "5.8.1"
  resolved "https://registry.yarnpkg.com/@prisma/client/-/client-5.8.1.tgz#7815ec51c0ca2a6de219c02e7846701ae3baf240"
  integrity sha512-xQtMPfbIwLlbm0VVIVQY2yqQVOxPwRQhvIp7Z3m2900g1bu/zRHKhYZJQWELqmjl6d8YwBy0K2NvMqh47v1ubw==

"@prisma/debug@5.8.1":
  version "5.8.1"
  resolved "https://registry.yarnpkg.com/@prisma/debug/-/debug-5.8.1.tgz#704daa36919b0fc4d227260ecebfa1c94b155b07"
  integrity sha512-tjuw7eA0Us3T42jx9AmAgL58rzwzpFGYc3R7Y4Ip75EBYrKMBA1YihuWMcBC92ILmjlQ/u3p8VxcIE0hr+fZfg==

"@prisma/engines-version@5.8.1-1.78caf6feeaed953168c64e15a249c3e9a033ebe2":
  version "5.8.1-1.78caf6feeaed953168c64e15a249c3e9a033ebe2"
  resolved "https://registry.yarnpkg.com/@prisma/engines-version/-/engines-version-5.8.1-1.78caf6feeaed953168c64e15a249c3e9a033ebe2.tgz#f600a45afc4cf0c0356b6ed90add6050fa3f3239"
  integrity sha512-f5C3JM3l9yhGr3cr4FMqWloFaSCpNpMi58Om22rjD2DOz3owci2mFdFXMgnAGazFPKrCbbEhcxdsRfspEYRoFQ==

"@prisma/engines@5.8.1":
  version "5.8.1"
  resolved "https://registry.yarnpkg.com/@prisma/engines/-/engines-5.8.1.tgz#b850751f5bf7d5e570b9fe16cefdc2b1fd2c02c3"
  integrity sha512-TJgYLRrZr56uhqcXO4GmP5be+zjCIHtLDK20Cnfg+o9d905hsN065QOL+3Z0zQAy6YD31Ol4u2kzSfRmbJv/uA==
  dependencies:
    "@prisma/debug" "5.8.1"
    "@prisma/engines-version" "5.8.1-1.78caf6feeaed953168c64e15a249c3e9a033ebe2"
    "@prisma/fetch-engine" "5.8.1"
    "@prisma/get-platform" "5.8.1"

"@prisma/fetch-engine@5.8.1":
  version "5.8.1"
  resolved "https://registry.yarnpkg.com/@prisma/fetch-engine/-/fetch-engine-5.8.1.tgz#38bb92f1fbd3669340a3cc49fce403ab4df671dd"
  integrity sha512-+bgjjoSFa6uYEbAPlklfoVSStOEfcpheOjoBoNsNNSQdSzcwE2nM4Q0prun0+P8/0sCHo18JZ9xqa8gObvgOUw==
  dependencies:
    "@prisma/debug" "5.8.1"
    "@prisma/engines-version" "5.8.1-1.78caf6feeaed953168c64e15a249c3e9a033ebe2"
    "@prisma/get-platform" "5.8.1"

"@prisma/get-platform@5.8.1":
  version "5.8.1"
  resolved "https://registry.yarnpkg.com/@prisma/get-platform/-/get-platform-5.8.1.tgz#8cd450b65a52a5a6ed5b2f52457136a492c0f251"
  integrity sha512-wnA+6HTFcY+tkykMokix9GiAkaauPC5W/gg0O5JB0J8tCTNWrqpnQ7AsaGRfkYUbeOIioh6woDjQrGTTRf1Zag==
  dependencies:
    "@prisma/debug" "5.8.1"

"@types/bun@latest":
  version "1.0.4"
  resolved "https://registry.yarnpkg.com/@types/bun/-/bun-1.0.4.tgz#b09b28669256bee4bd0817bb1db363cd3d49aaeb"
  integrity sha512-2DO7sqwtpko3d3XP2kLpJsOkV12sSRt8cFR955JVB60m1DiXE56T+gJq+DcCczQ5khxgCDQKkyBRlgg5VH33Dw==
  dependencies:
    bun-types "1.0.25"

"@types/node@*":
  version "20.11.7"
  resolved "https://registry.yarnpkg.com/@types/node/-/node-20.11.7.tgz#cb49aedd758c978c30806d0c38b520ed2a3df6e0"
  integrity sha512-GPmeN1C3XAyV5uybAf4cMLWT9fDWcmQhZVtMFu7OR32WjrqGG+Wnk2V1d0bmtUyE/Zy1QJ9BxyiTih9z8Oks8A==
  dependencies:
    undici-types "~5.26.4"

"@types/ws@*":
  version "8.5.10"
  resolved "https://registry.yarnpkg.com/@types/ws/-/ws-8.5.10.tgz#4acfb517970853fa6574a3a6886791d04a396787"
  integrity sha512-vmQSUcfalpIq0R9q7uTo2lXs6eGIpt9wtnLdMv9LVpIjCA/+ufZRozlVoVelIYixx1ugCBKDhn89vnsEGOCx9A==
  dependencies:
    "@types/node" "*"

bun-types@1.0.25:
  version "1.0.25"
  resolved "https://registry.yarnpkg.com/bun-types/-/bun-types-1.0.25.tgz#ef38ac40e9c9e2db188061474081426934a464a7"
  integrity sha512-9lxeUR/OJsvlZH4GOWteiAdx7ikrSxCUX7Rr0JJux+DrR3LejouVLxIZnTeQ3UPAZovvSgKivWeHPJ2wlo7/Kg==
  dependencies:
    "@types/node" "*"
    "@types/ws" "*"
    undici-types "^5.26.4"

hono@^3.12.7:
  version "3.12.7"
  resolved "https://registry.yarnpkg.com/hono/-/hono-3.12.7.tgz#76be7d8a2f43ef29bba47e663b1adfba264a3281"
  integrity sha512-jfyIoE8D5I1PGj0tXAGqpQ2miAWBBuHFjJsWjh0hbBVludQ8QO4lF6KTbPvjMi4venp8Q6DyMoJ51CwP6L5LNA==

prisma@5.8.1:
  version "5.8.1"
  resolved "https://registry.yarnpkg.com/prisma/-/prisma-5.8.1.tgz#1f101793a8831c0719dfbed5f85a96ea4888c9d3"
  integrity sha512-N6CpjzECnUHZ5beeYpDzkt2rYpEdAeqXX2dweu6BoQaeYkNZrC/WJHM+5MO/uidFHTak8QhkPKBWck1o/4MD4A==
  dependencies:
    "@prisma/engines" "5.8.1"

undici-types@^5.26.4:
  version "5.28.2"
  resolved "https://registry.yarnpkg.com/undici-types/-/undici-types-5.28.2.tgz#6d86278547d81c2cad72425cf275e8dfbaa8bc42"
  integrity sha512-W71OLwDqzIO0d3k07qg1xc7d4cX8SsSwuCO4bQ4V7ITwduXXie/lcImofabP5VV+NvuvSe8ovKvHVJcizVc1JA==

undici-types@~5.26.4:
  version "5.26.5"
  resolved "https://registry.yarnpkg.com/undici-types/-/undici-types-5.26.5.tgz#bcd539893d00b56e964fd2657a4866b221a65617"
  integrity sha512-JlCMO+ehdEIKqlFxk6IfVoAUVmgz7cU7zD/h9XZ0qzeosSHmUJVOzSQvvYSYWXkFXC+IfLKSIffhv0sVZup6pA==
